
Microsoft Visual Studio Solution File, Format Version 12.00
# Visual Studio Version 17
VisualStudioVersion = 17.6.33417.168
MinimumVisualStudioVersion = 10.0.40219.1
Project("{9A19103F-16F7-4668-BE54-9A1E7A4F7556}") = "ColoradoBeetle.UI", "ColoradoBeetle.UI\ColoradoBeetle.UI.csproj", "{7F51EB77-3848-4CAD-B93A-284C0A900179}"
EndProject
Project("{FAE04EC0-301F-11D3-BF4B-00C04F79EFBC}") = "ColoradoBeetle.Domain", "ColoradoBeetle.Domain\ColoradoBeetle.Domain.csproj", "{B4DEEE2B-30F0-41F5-854B-DA7A313A4C05}"
EndProject
Project("{FAE04EC0-301F-11D3-BF4B-00C04F79EFBC}") = "ColoradoBeetle.Application", "ColoradoBeetle.Application\ColoradoBeetle.Application.csproj", "{DA30A675-64F7-4EAD-B527-A7C436CBC98D}"
EndProject
Project("{FAE04EC0-301F-11D3-BF4B-00C04F79EFBC}") = "ColoradoBeetle.Infrastructure", "ColoradoBeetle.Infrastructure\ColoradoBeetle.Infrastructure.csproj", "{B1B58C8C-9ED5-4732-B19F-8EA4B1638844}"
EndProject
Global
	GlobalSection(SolutionConfigurationPlatforms) = preSolution
		Debug|Any CPU = Debug|Any CPU
		Release|Any CPU = Release|Any CPU
	EndGlobalSection
	GlobalSection(ProjectConfigurationPlatforms) = postSolution
		{7F51EB77-3848-4CAD-B93A-284C0A900179}.Debug|Any CPU.ActiveCfg = Debug|Any CPU
		{7F51EB77-3848-4CAD-B93A-284C0A900179}.Debug|Any CPU.Build.0 = Debug|Any CPU
		{7F51EB77-3848-4CAD-B93A-284C0A900179}.Release|Any CPU.ActiveCfg = Release|Any CPU
		{7F51EB77-3848-4CAD-B93A-284C0A900179}.Release|Any CPU.Build.0 = Release|Any CPU
		{B4DEEE2B-30F0-41F5-854B-DA7A313A4C05}.Debug|Any CPU.ActiveCfg = Debug|Any CPU
		{B4DEEE2B-30F0-41F5-854B-DA7A313A4C05}.Debug|Any CPU.Build.0 = Debug|Any CPU
		{B4DEEE2B-30F0-41F5-854B-DA7A313A4C05}.Release|Any CPU.ActiveCfg = Release|Any CPU
		{B4DEEE2B-30F0-41F5-854B-DA7A313A4C05}.Release|Any CPU.Build.0 = Release|Any CPU
		{DA30A675-64F7-4EAD-B527-A7C436CBC98D}.Debug|Any CPU.ActiveCfg = Debug|Any CPU
		{DA30A675-64F7-4EAD-B527-A7C436CBC98D}.Debug|Any CPU.Build.0 = Debug|Any CPU
		{DA30A675-64F7-4EAD-B527-A7C436CBC98D}.Release|Any CPU.ActiveCfg = Release|Any CPU
		{DA30A675-64F7-4EAD-B527-A7C436CBC98D}.Release|Any CPU.Build.0 = Release|Any CPU
		{B1B58C8C-9ED5-4732-B19F-8EA4B1638844}.Debug|Any CPU.ActiveCfg = Debug|Any CPU
		{B1B58C8C-9ED5-4732-B19F-8EA4B1638844}.Debug|Any CPU.Build.0 = Debug|Any CPU
		{B1B58C8C-9ED5-4732-B19F-8EA4B1638844}.Release|Any CPU.ActiveCfg = Release|Any CPU
		{B1B58C8C-9ED5-4732-B19F-8EA4B1638844}.Release|Any CPU.Build.0 = Release|Any CPU
	EndGlobalSection
	GlobalSection(SolutionProperties) = preSolution
		HideSolutionNode = FALSE
	EndGlobalSection
	GlobalSection(ExtensibilityGlobals) = postSolution
		SolutionGuid = {C124FF9A-F60E-4783-94BA-CDC48F26F386}
	EndGlobalSection
EndGlobal
